
Microsoft Visual Studio Solution File, Format Version 12.00
# Visual Studio Version 17
VisualStudioVersion = 17.0.31903.59
MinimumVisualStudioVersion = 10.0.40219.1
Project("{2150E333-8FDC-42A3-9474-1A3956D46DE8}") = "SearchEngine", "SearchEngine", "{D5D1D04B-DCD9-0AF0-5CD7-62076442C3D6}"
EndProject
Project("{FAE04EC0-301F-11D3-BF4B-00C04F79EFBC}") = "SearchEgnine.Api", "SearchEngine\SearchEgnine.Api\SearchEgnine.Api.csproj", "{AF48AF60-FC13-4365-85BF-3D0D92003A72}"
EndProject
Project("{FAE04EC0-301F-11D3-BF4B-00C04F79EFBC}") = "SearchEgnine.Application", "SearchEngine\SearchEgnine.Application\SearchEgnine.Application.csproj", "{871CBCF5-6C1D-4760-B737-CDCD7358D64E}"
EndProject
Project("{FAE04EC0-301F-11D3-BF4B-00C04F79EFBC}") = "SearchEgnine.Domain", "SearchEngine\SearchEgnine.Domain\SearchEgnine.Domain.csproj", "{8FF53C54-39C2-4DD4-BB1D-BB858EF03E78}"
EndProject
Project("{FAE04EC0-301F-11D3-BF4B-00C04F79EFBC}") = "SearchEgnine.Infra", "SearchEngine\SearchEgnine.Infra\SearchEgnine.Infra.csproj", "{63481E37-72A1-4AF3-9ACE-C26EE23ED4F5}"
EndProject
Project("{2150E333-8FDC-42A3-9474-1A3956D46DE8}") = "WebCrawler", "WebCrawler", "{61095303-D428-3994-5E65-530C64806C9D}"
EndProject
Project("{FAE04EC0-301F-11D3-BF4B-00C04F79EFBC}") = "WebCrawler.Api", "WebCrawler\WebCrawler.Api\WebCrawler.Api.csproj", "{B2C2AB57-D2D6-4061-AFCC-1F59CDFDA104}"
EndProject
Project("{FAE04EC0-301F-11D3-BF4B-00C04F79EFBC}") = "WebCrawler.Application", "WebCrawler\WebCrawler.Application\WebCrawler.Application.csproj", "{446F77C5-E2AD-4C07-925E-C24BCBAD6C14}"
EndProject
Project("{FAE04EC0-301F-11D3-BF4B-00C04F79EFBC}") = "WebCrawler.Domain", "WebCrawler\WebCrawler.Domain\WebCrawler.Domain.csproj", "{D9CE04F6-9F83-49D6-8848-EF30AABD446D}"
EndProject
Project("{FAE04EC0-301F-11D3-BF4B-00C04F79EFBC}") = "WebCrawler.Infra", "WebCrawler\WebCrawler.Infra\WebCrawler.Infra.csproj", "{1D0A1EFE-A487-4D55-8CD5-1D9D7DA4C929}"
EndProject
Global
	GlobalSection(SolutionConfigurationPlatforms) = preSolution
		Debug|Any CPU = Debug|Any CPU
		Debug|x64 = Debug|x64
		Debug|x86 = Debug|x86
		Release|Any CPU = Release|Any CPU
		Release|x64 = Release|x64
		Release|x86 = Release|x86
	EndGlobalSection
	GlobalSection(ProjectConfigurationPlatforms) = postSolution
		{AF48AF60-FC13-4365-85BF-3D0D92003A72}.Debug|Any CPU.ActiveCfg = Debug|Any CPU
		{AF48AF60-FC13-4365-85BF-3D0D92003A72}.Debug|Any CPU.Build.0 = Debug|Any CPU
		{AF48AF60-FC13-4365-85BF-3D0D92003A72}.Debug|x64.ActiveCfg = Debug|Any CPU
		{AF48AF60-FC13-4365-85BF-3D0D92003A72}.Debug|x64.Build.0 = Debug|Any CPU
		{AF48AF60-FC13-4365-85BF-3D0D92003A72}.Debug|x86.ActiveCfg = Debug|Any CPU
		{AF48AF60-FC13-4365-85BF-3D0D92003A72}.Debug|x86.Build.0 = Debug|Any CPU
		{AF48AF60-FC13-4365-85BF-3D0D92003A72}.Release|Any CPU.ActiveCfg = Release|Any CPU
		{AF48AF60-FC13-4365-85BF-3D0D92003A72}.Release|Any CPU.Build.0 = Release|Any CPU
		{AF48AF60-FC13-4365-85BF-3D0D92003A72}.Release|x64.ActiveCfg = Release|Any CPU
		{AF48AF60-FC13-4365-85BF-3D0D92003A72}.Release|x64.Build.0 = Release|Any CPU
		{AF48AF60-FC13-4365-85BF-3D0D92003A72}.Release|x86.ActiveCfg = Release|Any CPU
		{AF48AF60-FC13-4365-85BF-3D0D92003A72}.Release|x86.Build.0 = Release|Any CPU
		{871CBCF5-6C1D-4760-B737-CDCD7358D64E}.Debug|Any CPU.ActiveCfg = Debug|Any CPU
		{871CBCF5-6C1D-4760-B737-CDCD7358D64E}.Debug|Any CPU.Build.0 = Debug|Any CPU
		{871CBCF5-6C1D-4760-B737-CDCD7358D64E}.Debug|x64.ActiveCfg = Debug|Any CPU
		{871CBCF5-6C1D-4760-B737-CDCD7358D64E}.Debug|x64.Build.0 = Debug|Any CPU
		{871CBCF5-6C1D-4760-B737-CDCD7358D64E}.Debug|x86.ActiveCfg = Debug|Any CPU
		{871CBCF5-6C1D-4760-B737-CDCD7358D64E}.Debug|x86.Build.0 = Debug|Any CPU
		{871CBCF5-6C1D-4760-B737-CDCD7358D64E}.Release|Any CPU.ActiveCfg = Release|Any CPU
		{871CBCF5-6C1D-4760-B737-CDCD7358D64E}.Release|Any CPU.Build.0 = Release|Any CPU
		{871CBCF5-6C1D-4760-B737-CDCD7358D64E}.Release|x64.ActiveCfg = Release|Any CPU
		{871CBCF5-6C1D-4760-B737-CDCD7358D64E}.Release|x64.Build.0 = Release|Any CPU
		{871CBCF5-6C1D-4760-B737-CDCD7358D64E}.Release|x86.ActiveCfg = Release|Any CPU
		{871CBCF5-6C1D-4760-B737-CDCD7358D64E}.Release|x86.Build.0 = Release|Any CPU
		{8FF53C54-39C2-4DD4-BB1D-BB858EF03E78}.Debug|Any CPU.ActiveCfg = Debug|Any CPU
		{8FF53C54-39C2-4DD4-BB1D-BB858EF03E78}.Debug|Any CPU.Build.0 = Debug|Any CPU
		{8FF53C54-39C2-4DD4-BB1D-BB858EF03E78}.Debug|x64.ActiveCfg = Debug|Any CPU
		{8FF53C54-39C2-4DD4-BB1D-BB858EF03E78}.Debug|x64.Build.0 = Debug|Any CPU
		{8FF53C54-39C2-4DD4-BB1D-BB858EF03E78}.Debug|x86.ActiveCfg = Debug|Any CPU
		{8FF53C54-39C2-4DD4-BB1D-BB858EF03E78}.Debug|x86.Build.0 = Debug|Any CPU
		{8FF53C54-39C2-4DD4-BB1D-BB858EF03E78}.Release|Any CPU.ActiveCfg = Release|Any CPU
		{8FF53C54-39C2-4DD4-BB1D-BB858EF03E78}.Release|Any CPU.Build.0 = Release|Any CPU
		{8FF53C54-39C2-4DD4-BB1D-BB858EF03E78}.Release|x64.ActiveCfg = Release|Any CPU
		{8FF53C54-39C2-4DD4-BB1D-BB858EF03E78}.Release|x64.Build.0 = Release|Any CPU
		{8FF53C54-39C2-4DD4-BB1D-BB858EF03E78}.Release|x86.ActiveCfg = Release|Any CPU
		{8FF53C54-39C2-4DD4-BB1D-BB858EF03E78}.Release|x86.Build.0 = Release|Any CPU
		{63481E37-72A1-4AF3-9ACE-C26EE23ED4F5}.Debug|Any CPU.ActiveCfg = Debug|Any CPU
		{63481E37-72A1-4AF3-9ACE-C26EE23ED4F5}.Debug|Any CPU.Build.0 = Debug|Any CPU
		{63481E37-72A1-4AF3-9ACE-C26EE23ED4F5}.Debug|x64.ActiveCfg = Debug|Any CPU
		{63481E37-72A1-4AF3-9ACE-C26EE23ED4F5}.Debug|x64.Build.0 = Debug|Any CPU
		{63481E37-72A1-4AF3-9ACE-C26EE23ED4F5}.Debug|x86.ActiveCfg = Debug|Any CPU
		{63481E37-72A1-4AF3-9ACE-C26EE23ED4F5}.Debug|x86.Build.0 = Debug|Any CPU
		{63481E37-72A1-4AF3-9ACE-C26EE23ED4F5}.Release|Any CPU.ActiveCfg = Release|Any CPU
		{63481E37-72A1-4AF3-9ACE-C26EE23ED4F5}.Release|Any CPU.Build.0 = Release|Any CPU
		{63481E37-72A1-4AF3-9ACE-C26EE23ED4F5}.Release|x64.ActiveCfg = Release|Any CPU
		{63481E37-72A1-4AF3-9ACE-C26EE23ED4F5}.Release|x64.Build.0 = Release|Any CPU
		{63481E37-72A1-4AF3-9ACE-C26EE23ED4F5}.Release|x86.ActiveCfg = Release|Any CPU
		{63481E37-72A1-4AF3-9ACE-C26EE23ED4F5}.Release|x86.Build.0 = Release|Any CPU
		{B2C2AB57-D2D6-4061-AFCC-1F59CDFDA104}.Debug|Any CPU.ActiveCfg = Debug|Any CPU
		{B2C2AB57-D2D6-4061-AFCC-1F59CDFDA104}.Debug|Any CPU.Build.0 = Debug|Any CPU
		{B2C2AB57-D2D6-4061-AFCC-1F59CDFDA104}.Debug|x64.ActiveCfg = Debug|Any CPU
		{B2C2AB57-D2D6-4061-AFCC-1F59CDFDA104}.Debug|x64.Build.0 = Debug|Any CPU
		{B2C2AB57-D2D6-4061-AFCC-1F59CDFDA104}.Debug|x86.ActiveCfg = Debug|Any CPU
		{B2C2AB57-D2D6-4061-AFCC-1F59CDFDA104}.Debug|x86.Build.0 = Debug|Any CPU
		{B2C2AB57-D2D6-4061-AFCC-1F59CDFDA104}.Release|Any CPU.ActiveCfg = Release|Any CPU
		{B2C2AB57-D2D6-4061-AFCC-1F59CDFDA104}.Release|Any CPU.Build.0 = Release|Any CPU
		{B2C2AB57-D2D6-4061-AFCC-1F59CDFDA104}.Release|x64.ActiveCfg = Release|Any CPU
		{B2C2AB57-D2D6-4061-AFCC-1F59CDFDA104}.Release|x64.Build.0 = Release|Any CPU
		{B2C2AB57-D2D6-4061-AFCC-1F59CDFDA104}.Release|x86.ActiveCfg = Release|Any CPU
		{B2C2AB57-D2D6-4061-AFCC-1F59CDFDA104}.Release|x86.Build.0 = Release|Any CPU
		{446F77C5-E2AD-4C07-925E-C24BCBAD6C14}.Debug|Any CPU.ActiveCfg = Debug|Any CPU
		{446F77C5-E2AD-4C07-925E-C24BCBAD6C14}.Debug|Any CPU.Build.0 = Debug|Any CPU
		{446F77C5-E2AD-4C07-925E-C24BCBAD6C14}.Debug|x64.ActiveCfg = Debug|Any CPU
		{446F77C5-E2AD-4C07-925E-C24BCBAD6C14}.Debug|x64.Build.0 = Debug|Any CPU
		{446F77C5-E2AD-4C07-925E-C24BCBAD6C14}.Debug|x86.ActiveCfg = Debug|Any CPU
		{446F77C5-E2AD-4C07-925E-C24BCBAD6C14}.Debug|x86.Build.0 = Debug|Any CPU
		{446F77C5-E2AD-4C07-925E-C24BCBAD6C14}.Release|Any CPU.ActiveCfg = Release|Any CPU
		{446F77C5-E2AD-4C07-925E-C24BCBAD6C14}.Release|Any CPU.Build.0 = Release|Any CPU
		{446F77C5-E2AD-4C07-925E-C24BCBAD6C14}.Release|x64.ActiveCfg = Release|Any CPU
		{446F77C5-E2AD-4C07-925E-C24BCBAD6C14}.Release|x64.Build.0 = Release|Any CPU
		{446F77C5-E2AD-4C07-925E-C24BCBAD6C14}.Release|x86.ActiveCfg = Release|Any CPU
		{446F77C5-E2AD-4C07-925E-C24BCBAD6C14}.Release|x86.Build.0 = Release|Any CPU
		{D9CE04F6-9F83-49D6-8848-EF30AABD446D}.Debug|Any CPU.ActiveCfg = Debug|Any CPU
		{D9CE04F6-9F83-49D6-8848-EF30AABD446D}.Debug|Any CPU.Build.0 = Debug|Any CPU
		{D9CE04F6-9F83-49D6-8848-EF30AABD446D}.Debug|x64.ActiveCfg = Debug|Any CPU
		{D9CE04F6-9F83-49D6-8848-EF30AABD446D}.Debug|x64.Build.0 = Debug|Any CPU
		{D9CE04F6-9F83-49D6-8848-EF30AABD446D}.Debug|x86.ActiveCfg = Debug|Any CPU
		{D9CE04F6-9F83-49D6-8848-EF30AABD446D}.Debug|x86.Build.0 = Debug|Any CPU
		{D9CE04F6-9F83-49D6-8848-EF30AABD446D}.Release|Any CPU.ActiveCfg = Release|Any CPU
		{D9CE04F6-9F83-49D6-8848-EF30AABD446D}.Release|Any CPU.Build.0 = Release|Any CPU
		{D9CE04F6-9F83-49D6-8848-EF30AABD446D}.Release|x64.ActiveCfg = Release|Any CPU
		{D9CE04F6-9F83-49D6-8848-EF30AABD446D}.Release|x64.Build.0 = Release|Any CPU
		{D9CE04F6-9F83-49D6-8848-EF30AABD446D}.Release|x86.ActiveCfg = Release|Any CPU
		{D9CE04F6-9F83-49D6-8848-EF30AABD446D}.Release|x86.Build.0 = Release|Any CPU
		{1D0A1EFE-A487-4D55-8CD5-1D9D7DA4C929}.Debug|Any CPU.ActiveCfg = Debug|Any CPU
		{1D0A1EFE-A487-4D55-8CD5-1D9D7DA4C929}.Debug|Any CPU.Build.0 = Debug|Any CPU
		{1D0A1EFE-A487-4D55-8CD5-1D9D7DA4C929}.Debug|x64.ActiveCfg = Debug|Any CPU
		{1D0A1EFE-A487-4D55-8CD5-1D9D7DA4C929}.Debug|x64.Build.0 = Debug|Any CPU
		{1D0A1EFE-A487-4D55-8CD5-1D9D7DA4C929}.Debug|x86.ActiveCfg = Debug|Any CPU
		{1D0A1EFE-A487-4D55-8CD5-1D9D7DA4C929}.Debug|x86.Build.0 = Debug|Any CPU
		{1D0A1EFE-A487-4D55-8CD5-1D9D7DA4C929}.Release|Any CPU.ActiveCfg = Release|Any CPU
		{1D0A1EFE-A487-4D55-8CD5-1D9D7DA4C929}.Release|Any CPU.Build.0 = Release|Any CPU
		{1D0A1EFE-A487-4D55-8CD5-1D9D7DA4C929}.Release|x64.ActiveCfg = Release|Any CPU
		{1D0A1EFE-A487-4D55-8CD5-1D9D7DA4C929}.Release|x64.Build.0 = Release|Any CPU
		{1D0A1EFE-A487-4D55-8CD5-1D9D7DA4C929}.Release|x86.ActiveCfg = Release|Any CPU
		{1D0A1EFE-A487-4D55-8CD5-1D9D7DA4C929}.Release|x86.Build.0 = Release|Any CPU
	EndGlobalSection
	GlobalSection(SolutionProperties) = preSolution
		HideSolutionNode = FALSE
	EndGlobalSection
	GlobalSection(NestedProjects) = preSolution
		{AF48AF60-FC13-4365-85BF-3D0D92003A72} = {D5D1D04B-DCD9-0AF0-5CD7-62076442C3D6}
		{871CBCF5-6C1D-4760-B737-CDCD7358D64E} = {D5D1D04B-DCD9-0AF0-5CD7-62076442C3D6}
		{8FF53C54-39C2-4DD4-BB1D-BB858EF03E78} = {D5D1D04B-DCD9-0AF0-5CD7-62076442C3D6}
		{63481E37-72A1-4AF3-9ACE-C26EE23ED4F5} = {D5D1D04B-DCD9-0AF0-5CD7-62076442C3D6}
		{B2C2AB57-D2D6-4061-AFCC-1F59CDFDA104} = {61095303-D428-3994-5E65-530C64806C9D}
		{446F77C5-E2AD-4C07-925E-C24BCBAD6C14} = {61095303-D428-3994-5E65-530C64806C9D}
		{D9CE04F6-9F83-49D6-8848-EF30AABD446D} = {61095303-D428-3994-5E65-530C64806C9D}
		{1D0A1EFE-A487-4D55-8CD5-1D9D7DA4C929} = {61095303-D428-3994-5E65-530C64806C9D}
	EndGlobalSection
EndGlobal
