
Microsoft Visual Studio Solution File, Format Version 12.00
# Visual Studio Version 17
VisualStudioVersion = 17.0.31903.59
MinimumVisualStudioVersion = 10.0.40219.1
Project("{2150E333-8FDC-42A3-9474-1A3956D46DE8}") = "WebCrawler", "WebCrawler", "{61095303-D428-3994-5E65-530C64806C9D}"
EndProject
Project("{FAE04EC0-301F-11D3-BF4B-00C04F79EFBC}") = "WebCrawler.Api", "WebCrawler\WebCrawler.Api\WebCrawler.Api.csproj", "{FCCA0992-560B-4E90-BD68-763DAEE88B14}"
EndProject
Project("{FAE04EC0-301F-11D3-BF4B-00C04F79EFBC}") = "WebCrawler.Application", "WebCrawler\WebCrawler.Application\WebCrawler.Application.csproj", "{5E0EA31C-7A94-4013-9848-9460BF080EC5}"
EndProject
Project("{FAE04EC0-301F-11D3-BF4B-00C04F79EFBC}") = "WebCrawler.Domain", "WebCrawler\WebCrawler.Domain\WebCrawler.Domain.csproj", "{2A48DC0E-119F-4129-87C4-F0E220A4BAEA}"
EndProject
Project("{FAE04EC0-301F-11D3-BF4B-00C04F79EFBC}") = "WebCrawler.Infra", "WebCrawler\WebCrawler.Infra\WebCrawler.Infra.csproj", "{BA5E69FE-952A-44D7-BC63-1CD569D2ED51}"
EndProject
Global
	GlobalSection(SolutionConfigurationPlatforms) = preSolution
		Debug|Any CPU = Debug|Any CPU
		Debug|x64 = Debug|x64
		Debug|x86 = Debug|x86
		Release|Any CPU = Release|Any CPU
		Release|x64 = Release|x64
		Release|x86 = Release|x86
	EndGlobalSection
	GlobalSection(ProjectConfigurationPlatforms) = postSolution
		{D6372139-A379-48FC-86ED-647AADDCAF11}.Debug|Any CPU.ActiveCfg = Debug|Any CPU
		{D6372139-A379-48FC-86ED-647AADDCAF11}.Debug|Any CPU.Build.0 = Debug|Any CPU
		{D6372139-A379-48FC-86ED-647AADDCAF11}.Debug|x64.ActiveCfg = Debug|Any CPU
		{D6372139-A379-48FC-86ED-647AADDCAF11}.Debug|x64.Build.0 = Debug|Any CPU
		{D6372139-A379-48FC-86ED-647AADDCAF11}.Debug|x86.ActiveCfg = Debug|Any CPU
		{D6372139-A379-48FC-86ED-647AADDCAF11}.Debug|x86.Build.0 = Debug|Any CPU
		{D6372139-A379-48FC-86ED-647AADDCAF11}.Release|Any CPU.ActiveCfg = Release|Any CPU
		{D6372139-A379-48FC-86ED-647AADDCAF11}.Release|Any CPU.Build.0 = Release|Any CPU
		{D6372139-A379-48FC-86ED-647AADDCAF11}.Release|x64.ActiveCfg = Release|Any CPU
		{D6372139-A379-48FC-86ED-647AADDCAF11}.Release|x64.Build.0 = Release|Any CPU
		{D6372139-A379-48FC-86ED-647AADDCAF11}.Release|x86.ActiveCfg = Release|Any CPU
		{D6372139-A379-48FC-86ED-647AADDCAF11}.Release|x86.Build.0 = Release|Any CPU
		{FCCA0992-560B-4E90-BD68-763DAEE88B14}.Debug|Any CPU.ActiveCfg = Debug|Any CPU
		{FCCA0992-560B-4E90-BD68-763DAEE88B14}.Debug|Any CPU.Build.0 = Debug|Any CPU
		{FCCA0992-560B-4E90-BD68-763DAEE88B14}.Debug|x64.ActiveCfg = Debug|Any CPU
		{FCCA0992-560B-4E90-BD68-763DAEE88B14}.Debug|x64.Build.0 = Debug|Any CPU
		{FCCA0992-560B-4E90-BD68-763DAEE88B14}.Debug|x86.ActiveCfg = Debug|Any CPU
		{FCCA0992-560B-4E90-BD68-763DAEE88B14}.Debug|x86.Build.0 = Debug|Any CPU
		{FCCA0992-560B-4E90-BD68-763DAEE88B14}.Release|Any CPU.ActiveCfg = Release|Any CPU
		{FCCA0992-560B-4E90-BD68-763DAEE88B14}.Release|Any CPU.Build.0 = Release|Any CPU
		{FCCA0992-560B-4E90-BD68-763DAEE88B14}.Release|x64.ActiveCfg = Release|Any CPU
		{FCCA0992-560B-4E90-BD68-763DAEE88B14}.Release|x64.Build.0 = Release|Any CPU
		{FCCA0992-560B-4E90-BD68-763DAEE88B14}.Release|x86.ActiveCfg = Release|Any CPU
		{FCCA0992-560B-4E90-BD68-763DAEE88B14}.Release|x86.Build.0 = Release|Any CPU
		{5E0EA31C-7A94-4013-9848-9460BF080EC5}.Debug|Any CPU.ActiveCfg = Debug|Any CPU
		{5E0EA31C-7A94-4013-9848-9460BF080EC5}.Debug|Any CPU.Build.0 = Debug|Any CPU
		{5E0EA31C-7A94-4013-9848-9460BF080EC5}.Debug|x64.ActiveCfg = Debug|Any CPU
		{5E0EA31C-7A94-4013-9848-9460BF080EC5}.Debug|x64.Build.0 = Debug|Any CPU
		{5E0EA31C-7A94-4013-9848-9460BF080EC5}.Debug|x86.ActiveCfg = Debug|Any CPU
		{5E0EA31C-7A94-4013-9848-9460BF080EC5}.Debug|x86.Build.0 = Debug|Any CPU
		{5E0EA31C-7A94-4013-9848-9460BF080EC5}.Release|Any CPU.ActiveCfg = Release|Any CPU
		{5E0EA31C-7A94-4013-9848-9460BF080EC5}.Release|Any CPU.Build.0 = Release|Any CPU
		{5E0EA31C-7A94-4013-9848-9460BF080EC5}.Release|x64.ActiveCfg = Release|Any CPU
		{5E0EA31C-7A94-4013-9848-9460BF080EC5}.Release|x64.Build.0 = Release|Any CPU
		{5E0EA31C-7A94-4013-9848-9460BF080EC5}.Release|x86.ActiveCfg = Release|Any CPU
		{5E0EA31C-7A94-4013-9848-9460BF080EC5}.Release|x86.Build.0 = Release|Any CPU
		{2A48DC0E-119F-4129-87C4-F0E220A4BAEA}.Debug|Any CPU.ActiveCfg = Debug|Any CPU
		{2A48DC0E-119F-4129-87C4-F0E220A4BAEA}.Debug|Any CPU.Build.0 = Debug|Any CPU
		{2A48DC0E-119F-4129-87C4-F0E220A4BAEA}.Debug|x64.ActiveCfg = Debug|Any CPU
		{2A48DC0E-119F-4129-87C4-F0E220A4BAEA}.Debug|x64.Build.0 = Debug|Any CPU
		{2A48DC0E-119F-4129-87C4-F0E220A4BAEA}.Debug|x86.ActiveCfg = Debug|Any CPU
		{2A48DC0E-119F-4129-87C4-F0E220A4BAEA}.Debug|x86.Build.0 = Debug|Any CPU
		{2A48DC0E-119F-4129-87C4-F0E220A4BAEA}.Release|Any CPU.ActiveCfg = Release|Any CPU
		{2A48DC0E-119F-4129-87C4-F0E220A4BAEA}.Release|Any CPU.Build.0 = Release|Any CPU
		{2A48DC0E-119F-4129-87C4-F0E220A4BAEA}.Release|x64.ActiveCfg = Release|Any CPU
		{2A48DC0E-119F-4129-87C4-F0E220A4BAEA}.Release|x64.Build.0 = Release|Any CPU
		{2A48DC0E-119F-4129-87C4-F0E220A4BAEA}.Release|x86.ActiveCfg = Release|Any CPU
		{2A48DC0E-119F-4129-87C4-F0E220A4BAEA}.Release|x86.Build.0 = Release|Any CPU
		{BA5E69FE-952A-44D7-BC63-1CD569D2ED51}.Debug|Any CPU.ActiveCfg = Debug|Any CPU
		{BA5E69FE-952A-44D7-BC63-1CD569D2ED51}.Debug|Any CPU.Build.0 = Debug|Any CPU
		{BA5E69FE-952A-44D7-BC63-1CD569D2ED51}.Debug|x64.ActiveCfg = Debug|Any CPU
		{BA5E69FE-952A-44D7-BC63-1CD569D2ED51}.Debug|x64.Build.0 = Debug|Any CPU
		{BA5E69FE-952A-44D7-BC63-1CD569D2ED51}.Debug|x86.ActiveCfg = Debug|Any CPU
		{BA5E69FE-952A-44D7-BC63-1CD569D2ED51}.Debug|x86.Build.0 = Debug|Any CPU
		{BA5E69FE-952A-44D7-BC63-1CD569D2ED51}.Release|Any CPU.ActiveCfg = Release|Any CPU
		{BA5E69FE-952A-44D7-BC63-1CD569D2ED51}.Release|Any CPU.Build.0 = Release|Any CPU
		{BA5E69FE-952A-44D7-BC63-1CD569D2ED51}.Release|x64.ActiveCfg = Release|Any CPU
		{BA5E69FE-952A-44D7-BC63-1CD569D2ED51}.Release|x64.Build.0 = Release|Any CPU
		{BA5E69FE-952A-44D7-BC63-1CD569D2ED51}.Release|x86.ActiveCfg = Release|Any CPU
		{BA5E69FE-952A-44D7-BC63-1CD569D2ED51}.Release|x86.Build.0 = Release|Any CPU
	EndGlobalSection
	GlobalSection(SolutionProperties) = preSolution
		HideSolutionNode = FALSE
	EndGlobalSection
	GlobalSection(NestedProjects) = preSolution
		{FCCA0992-560B-4E90-BD68-763DAEE88B14} = {61095303-D428-3994-5E65-530C64806C9D}
		{5E0EA31C-7A94-4013-9848-9460BF080EC5} = {61095303-D428-3994-5E65-530C64806C9D}
		{2A48DC0E-119F-4129-87C4-F0E220A4BAEA} = {61095303-D428-3994-5E65-530C64806C9D}
		{BA5E69FE-952A-44D7-BC63-1CD569D2ED51} = {61095303-D428-3994-5E65-530C64806C9D}
	EndGlobalSection
EndGlobal
